
Microsoft Visual Studio Solution File, Format Version 12.00
# Visual Studio Version 17
VisualStudioVersion = 17.14.36429.23 d17.14
MinimumVisualStudioVersion = 10.0.40219.1
Project("{FAE04EC0-301F-11D3-BF4B-00C04F79EFBC}") = "Task01", "Task01\Task01.csproj", "{45DD78E2-5EC8-40D0-AEBD-58F63A4D4E4C}"
EndProject
Global
	GlobalSection(SolutionConfigurationPlatforms) = preSolution
		Debug|Any CPU = Debug|Any CPU
		Release|Any CPU = Release|Any CPU
	EndGlobalSection
	GlobalSection(ProjectConfigurationPlatforms) = postSolution
		{45DD78E2-5EC8-40D0-AEBD-58F63A4D4E4C}.Debug|Any CPU.ActiveCfg = Debug|Any CPU
		{45DD78E2-5EC8-40D0-AEBD-58F63A4D4E4C}.Debug|Any CPU.Build.0 = Debug|Any CPU
		{45DD78E2-5EC8-40D0-AEBD-58F63A4D4E4C}.Release|Any CPU.ActiveCfg = Release|Any CPU
		{45DD78E2-5EC8-40D0-AEBD-58F63A4D4E4C}.Release|Any CPU.Build.0 = Release|Any CPU
	EndGlobalSection
	GlobalSection(SolutionProperties) = preSolution
		HideSolutionNode = FALSE
	EndGlobalSection
	GlobalSection(ExtensibilityGlobals) = postSolution
		SolutionGuid = {ED44DDF8-0A52-4D98-8AC3-064BEB21DF9C}
	EndGlobalSection
EndGlobal
