
Microsoft Visual Studio Solution File, Format Version 12.00
# Visual Studio Version 17
VisualStudioVersion = 17.14.36518.9 d17.14
MinimumVisualStudioVersion = 10.0.40219.1
Project("{FAE04EC0-301F-11D3-BF4B-00C04F79EFBC}") = "task06.2", "task06.2\task06.2.csproj", "{7F1D25D8-A992-4A49-9988-9F6B9941EFF9}"
EndProject
Global
	GlobalSection(SolutionConfigurationPlatforms) = preSolution
		Debug|Any CPU = Debug|Any CPU
		Release|Any CPU = Release|Any CPU
	EndGlobalSection
	GlobalSection(ProjectConfigurationPlatforms) = postSolution
		{7F1D25D8-A992-4A49-9988-9F6B9941EFF9}.Debug|Any CPU.ActiveCfg = Debug|Any CPU
		{7F1D25D8-A992-4A49-9988-9F6B9941EFF9}.Debug|Any CPU.Build.0 = Debug|Any CPU
		{7F1D25D8-A992-4A49-9988-9F6B9941EFF9}.Release|Any CPU.ActiveCfg = Release|Any CPU
		{7F1D25D8-A992-4A49-9988-9F6B9941EFF9}.Release|Any CPU.Build.0 = Release|Any CPU
	EndGlobalSection
	GlobalSection(SolutionProperties) = preSolution
		HideSolutionNode = FALSE
	EndGlobalSection
	GlobalSection(ExtensibilityGlobals) = postSolution
		SolutionGuid = {AE151657-D45F-4569-9C06-F92FA6280AB2}
	EndGlobalSection
EndGlobal
