
Microsoft Visual Studio Solution File, Format Version 12.00
# Visual Studio Version 17
VisualStudioVersion = 17.14.36518.9 d17.14
MinimumVisualStudioVersion = 10.0.40219.1
Project("{FAE04EC0-301F-11D3-BF4B-00C04F79EFBC}") = "task06+1", "task06+1\task06+1.csproj", "{CA8B6E8E-1E14-4792-9FC0-9247B41C40AF}"
EndProject
Global
	GlobalSection(SolutionConfigurationPlatforms) = preSolution
		Debug|Any CPU = Debug|Any CPU
		Release|Any CPU = Release|Any CPU
	EndGlobalSection
	GlobalSection(ProjectConfigurationPlatforms) = postSolution
		{CA8B6E8E-1E14-4792-9FC0-9247B41C40AF}.Debug|Any CPU.ActiveCfg = Debug|Any CPU
		{CA8B6E8E-1E14-4792-9FC0-9247B41C40AF}.Debug|Any CPU.Build.0 = Debug|Any CPU
		{CA8B6E8E-1E14-4792-9FC0-9247B41C40AF}.Release|Any CPU.ActiveCfg = Release|Any CPU
		{CA8B6E8E-1E14-4792-9FC0-9247B41C40AF}.Release|Any CPU.Build.0 = Release|Any CPU
	EndGlobalSection
	GlobalSection(SolutionProperties) = preSolution
		HideSolutionNode = FALSE
	EndGlobalSection
	GlobalSection(ExtensibilityGlobals) = postSolution
		SolutionGuid = {AE6F0CEA-C1A4-4D2E-A143-F2726D9F79A1}
	EndGlobalSection
EndGlobal
